
Microsoft Visual Studio Solution File, Format Version 12.00
# Visual Studio Version 16
VisualStudioVersion = 16.0.30406.217
MinimumVisualStudioVersion = 10.0.40219.1
Project("{9A19103F-16F7-4668-BE54-9A1E7A4F7556}") = "EdenClinic.Models", "EdenClinic.Models\EdenClinic.Models.csproj", "{0095AB0A-B821-4358-8C94-2343C47FFC62}"
EndProject
Project("{9A19103F-16F7-4668-BE54-9A1E7A4F7556}") = "EdenClinic.Server", "EdenClinic.Server\EdenClinic.Server.csproj", "{63416D8B-B1F1-4FD4-8004-A78D935070DF}"
EndProject
Project("{9A19103F-16F7-4668-BE54-9A1E7A4F7556}") = "EdenClinic.Service", "EdenClinic.Service\EdenClinic.Service.csproj", "{E88D6F6E-5C58-4D00-A9C6-41DF4A1AB3F9}"
EndProject
Project("{9A19103F-16F7-4668-BE54-9A1E7A4F7556}") = "EdenClinic.WebUI", "EdenClinic.WebUI\EdenClinic.WebUI.csproj", "{E09209DE-3A44-49A6-8B4D-8ABA05B2D848}"
EndProject
Project("{FAE04EC0-301F-11D3-BF4B-00C04F79EFBC}") = "EdenClinic.Extensions", "EdenClinic.Extensions\EdenClinic.Extensions.csproj", "{AFF34130-EE5D-4D28-B1AE-F1D308179115}"
EndProject
Global
	GlobalSection(SolutionConfigurationPlatforms) = preSolution
		Debug|Any CPU = Debug|Any CPU
		Release|Any CPU = Release|Any CPU
	EndGlobalSection
	GlobalSection(ProjectConfigurationPlatforms) = postSolution
		{0095AB0A-B821-4358-8C94-2343C47FFC62}.Debug|Any CPU.ActiveCfg = Debug|Any CPU
		{0095AB0A-B821-4358-8C94-2343C47FFC62}.Debug|Any CPU.Build.0 = Debug|Any CPU
		{0095AB0A-B821-4358-8C94-2343C47FFC62}.Release|Any CPU.ActiveCfg = Release|Any CPU
		{0095AB0A-B821-4358-8C94-2343C47FFC62}.Release|Any CPU.Build.0 = Release|Any CPU
		{63416D8B-B1F1-4FD4-8004-A78D935070DF}.Debug|Any CPU.ActiveCfg = Debug|Any CPU
		{63416D8B-B1F1-4FD4-8004-A78D935070DF}.Debug|Any CPU.Build.0 = Debug|Any CPU
		{63416D8B-B1F1-4FD4-8004-A78D935070DF}.Release|Any CPU.ActiveCfg = Release|Any CPU
		{63416D8B-B1F1-4FD4-8004-A78D935070DF}.Release|Any CPU.Build.0 = Release|Any CPU
		{E88D6F6E-5C58-4D00-A9C6-41DF4A1AB3F9}.Debug|Any CPU.ActiveCfg = Debug|Any CPU
		{E88D6F6E-5C58-4D00-A9C6-41DF4A1AB3F9}.Debug|Any CPU.Build.0 = Debug|Any CPU
		{E88D6F6E-5C58-4D00-A9C6-41DF4A1AB3F9}.Release|Any CPU.ActiveCfg = Release|Any CPU
		{E88D6F6E-5C58-4D00-A9C6-41DF4A1AB3F9}.Release|Any CPU.Build.0 = Release|Any CPU
		{E09209DE-3A44-49A6-8B4D-8ABA05B2D848}.Debug|Any CPU.ActiveCfg = Debug|Any CPU
		{E09209DE-3A44-49A6-8B4D-8ABA05B2D848}.Debug|Any CPU.Build.0 = Debug|Any CPU
		{E09209DE-3A44-49A6-8B4D-8ABA05B2D848}.Release|Any CPU.ActiveCfg = Release|Any CPU
		{E09209DE-3A44-49A6-8B4D-8ABA05B2D848}.Release|Any CPU.Build.0 = Release|Any CPU
		{AFF34130-EE5D-4D28-B1AE-F1D308179115}.Debug|Any CPU.ActiveCfg = Debug|Any CPU
		{AFF34130-EE5D-4D28-B1AE-F1D308179115}.Debug|Any CPU.Build.0 = Debug|Any CPU
		{AFF34130-EE5D-4D28-B1AE-F1D308179115}.Release|Any CPU.ActiveCfg = Release|Any CPU
		{AFF34130-EE5D-4D28-B1AE-F1D308179115}.Release|Any CPU.Build.0 = Release|Any CPU
	EndGlobalSection
	GlobalSection(SolutionProperties) = preSolution
		HideSolutionNode = FALSE
	EndGlobalSection
	GlobalSection(ExtensibilityGlobals) = postSolution
		SolutionGuid = {23CA2DF7-DE34-44B2-9930-6DF0C9AB54E5}
	EndGlobalSection
EndGlobal
